
Microsoft Visual Studio Solution File, Format Version 12.00
# Visual Studio Version 16
VisualStudioVersion = 16.0.32630.194
MinimumVisualStudioVersion = 10.0.40219.1
Project("{FAE04EC0-301F-11D3-BF4B-00C04F79EFBC}") = "Day-8", "Day-8\Day-8.csproj", "{F2955897-56DA-4BC3-84B8-A8EB966CDA2C}"
EndProject
Global
	GlobalSection(SolutionConfigurationPlatforms) = preSolution
		Debug|Any CPU = Debug|Any CPU
		Release|Any CPU = Release|Any CPU
	EndGlobalSection
	GlobalSection(ProjectConfigurationPlatforms) = postSolution
		{F2955897-56DA-4BC3-84B8-A8EB966CDA2C}.Debug|Any CPU.ActiveCfg = Debug|Any CPU
		{F2955897-56DA-4BC3-84B8-A8EB966CDA2C}.Debug|Any CPU.Build.0 = Debug|Any CPU
		{F2955897-56DA-4BC3-84B8-A8EB966CDA2C}.Release|Any CPU.ActiveCfg = Release|Any CPU
		{F2955897-56DA-4BC3-84B8-A8EB966CDA2C}.Release|Any CPU.Build.0 = Release|Any CPU
	EndGlobalSection
	GlobalSection(SolutionProperties) = preSolution
		HideSolutionNode = FALSE
	EndGlobalSection
	GlobalSection(ExtensibilityGlobals) = postSolution
		SolutionGuid = {3A63F3BA-0CDA-4EF4-B039-AB8F9921287D}
	EndGlobalSection
EndGlobal
