
Microsoft Visual Studio Solution File, Format Version 12.00
# Visual Studio Version 16
VisualStudioVersion = 16.0.32630.194
MinimumVisualStudioVersion = 10.0.40219.1
Project("{FAE04EC0-301F-11D3-BF4B-00C04F79EFBC}") = "Day-2", "Day-2\Day-2.csproj", "{478E6435-6C37-464E-8817-25987CDD289E}"
EndProject
Global
	GlobalSection(SolutionConfigurationPlatforms) = preSolution
		Debug|Any CPU = Debug|Any CPU
		Release|Any CPU = Release|Any CPU
	EndGlobalSection
	GlobalSection(ProjectConfigurationPlatforms) = postSolution
		{478E6435-6C37-464E-8817-25987CDD289E}.Debug|Any CPU.ActiveCfg = Debug|Any CPU
		{478E6435-6C37-464E-8817-25987CDD289E}.Debug|Any CPU.Build.0 = Debug|Any CPU
		{478E6435-6C37-464E-8817-25987CDD289E}.Release|Any CPU.ActiveCfg = Release|Any CPU
		{478E6435-6C37-464E-8817-25987CDD289E}.Release|Any CPU.Build.0 = Release|Any CPU
	EndGlobalSection
	GlobalSection(SolutionProperties) = preSolution
		HideSolutionNode = FALSE
	EndGlobalSection
	GlobalSection(ExtensibilityGlobals) = postSolution
		SolutionGuid = {835B9003-9178-417B-83D7-9CE098CD6CF4}
	EndGlobalSection
EndGlobal
