
Microsoft Visual Studio Solution File, Format Version 12.00
# Visual Studio Version 16
VisualStudioVersion = 16.0.32630.194
MinimumVisualStudioVersion = 10.0.40219.1
Project("{FAE04EC0-301F-11D3-BF4B-00C04F79EFBC}") = "CodeFirstApproach", "CodeFirstApproach\CodeFirstApproach.csproj", "{C9FE6AA8-F9E9-4D9D-A708-A6343139516F}"
EndProject
Global
	GlobalSection(SolutionConfigurationPlatforms) = preSolution
		Debug|Any CPU = Debug|Any CPU
		Release|Any CPU = Release|Any CPU
	EndGlobalSection
	GlobalSection(ProjectConfigurationPlatforms) = postSolution
		{C9FE6AA8-F9E9-4D9D-A708-A6343139516F}.Debug|Any CPU.ActiveCfg = Debug|Any CPU
		{C9FE6AA8-F9E9-4D9D-A708-A6343139516F}.Debug|Any CPU.Build.0 = Debug|Any CPU
		{C9FE6AA8-F9E9-4D9D-A708-A6343139516F}.Release|Any CPU.ActiveCfg = Release|Any CPU
		{C9FE6AA8-F9E9-4D9D-A708-A6343139516F}.Release|Any CPU.Build.0 = Release|Any CPU
	EndGlobalSection
	GlobalSection(SolutionProperties) = preSolution
		HideSolutionNode = FALSE
	EndGlobalSection
	GlobalSection(ExtensibilityGlobals) = postSolution
		SolutionGuid = {0857CEB7-FA72-4E0E-9DF9-DC394E8A88AF}
	EndGlobalSection
EndGlobal
